
Microsoft Visual Studio Solution File, Format Version 12.00
# Visual Studio Version 16
VisualStudioVersion = 16.0.32228.343
MinimumVisualStudioVersion = 10.0.40219.1
Project("{FAE04EC0-301F-11D3-BF4B-00C04F79EFBC}") = "Calculator", "Calculator.csproj", "{8FAF0E4C-2242-45B0-B832-02336CEEC36E}"
EndProject
Global
	GlobalSection(SolutionConfigurationPlatforms) = preSolution
		Debug|Any CPU = Debug|Any CPU
		Release|Any CPU = Release|Any CPU
	EndGlobalSection
	GlobalSection(ProjectConfigurationPlatforms) = postSolution
		{8FAF0E4C-2242-45B0-B832-02336CEEC36E}.Debug|Any CPU.ActiveCfg = Debug|Any CPU
		{8FAF0E4C-2242-45B0-B832-02336CEEC36E}.Debug|Any CPU.Build.0 = Debug|Any CPU
		{8FAF0E4C-2242-45B0-B832-02336CEEC36E}.Release|Any CPU.ActiveCfg = Release|Any CPU
		{8FAF0E4C-2242-45B0-B832-02336CEEC36E}.Release|Any CPU.Build.0 = Release|Any CPU
	EndGlobalSection
	GlobalSection(SolutionProperties) = preSolution
		HideSolutionNode = FALSE
	EndGlobalSection
	GlobalSection(ExtensibilityGlobals) = postSolution
		SolutionGuid = {A0ADF3AA-2289-47FD-BC0D-EDB45DF465D8}
	EndGlobalSection
EndGlobal
